{
  "name": "elm-i18n-example",
  "version": "1.0.0",
  "lockfileVersion": 2,
  "requires": true,
  "packages": {
    "": {
      "version": "1.0.0",
      "license": "MIT",
      "dependencies": {
        "tachyons": "^4.11.1"
      }
    },
    "node_modules/tachyons": {
      "version": "4.11.1",
      "resolved": "https://registry.npmjs.org/tachyons/-/tachyons-4.11.1.tgz",
      "integrity": "sha512-n5zIZ8i8kZ8vz05vX1BdvkP8b9ufsMeSRmdqTuUtz5rlNxr03nntiZMc/HTADIsPYZj/wZJDJglxV0/yvvaiZA=="
    }
  },
  "dependencies": {
    "tachyons": {
      "version": "4.11.1",
      "resolved": "https://registry.npmjs.org/tachyons/-/tachyons-4.11.1.tgz",
      "integrity": "sha512-n5zIZ8i8kZ8vz05vX1BdvkP8b9ufsMeSRmdqTuUtz5rlNxr03nntiZMc/HTADIsPYZj/wZJDJglxV0/yvvaiZA=="
    }
  }
}
